// !$*UTF8*$!
{
	archiveVersion = 1;
	classes = {
	};
	objectVersion = 55;
	objects = {

/* Begin PBXBuildFile section */
		378A52AF28AB1953006E74FD /* yeogieottaeApp.swift in Sources */ = {isa = PBXBuildFile; fileRef = 378A52AE28AB1953006E74FD /* yeogieottaeApp.swift */; };
		378A52B328AB1954006E74FD /* Assets.xcassets in Resources */ = {isa = PBXBuildFile; fileRef = 378A52B228AB1954006E74FD /* Assets.xcassets */; };
		378A52B628AB1954006E74FD /* Preview Assets.xcassets in Resources */ = {isa = PBXBuildFile; fileRef = 378A52B528AB1954006E74FD /* Preview Assets.xcassets */; };
		378A52C028AB1955006E74FD /* yeogieottaeTests.swift in Sources */ = {isa = PBXBuildFile; fileRef = 378A52BF28AB1955006E74FD /* yeogieottaeTests.swift */; };
		378A52CA28AB1955006E74FD /* yeogieottaeUITests.swift in Sources */ = {isa = PBXBuildFile; fileRef = 378A52C928AB1955006E74FD /* yeogieottaeUITests.swift */; };
		378A52CC28AB1955006E74FD /* yeogieottaeUITestsLaunchTests.swift in Sources */ = {isa = PBXBuildFile; fileRef = 378A52CB28AB1955006E74FD /* yeogieottaeUITestsLaunchTests.swift */; };
		378A52D928AB19FA006E74FD /* AppDelegate.swift in Sources */ = {isa = PBXBuildFile; fileRef = 378A52D828AB19FA006E74FD /* AppDelegate.swift */; };
		378A52E528AB1A35006E74FD /* KakaoAuthService.swift in Sources */ = {isa = PBXBuildFile; fileRef = 378A52E128AB1A35006E74FD /* KakaoAuthService.swift */; };
		378A52E628AB1A35006E74FD /* Container.swift in Sources */ = {isa = PBXBuildFile; fileRef = 378A52E228AB1A35006E74FD /* Container.swift */; };
		378A52E728AB1A35006E74FD /* Logger.swift in Sources */ = {isa = PBXBuildFile; fileRef = 378A52E428AB1A35006E74FD /* Logger.swift */; };
		378A52F228AB1A47006E74FD /* UserRepository.swift in Sources */ = {isa = PBXBuildFile; fileRef = 378A52EA28AB1A47006E74FD /* UserRepository.swift */; };
		378A52F328AB1A47006E74FD /* GroupRepository.swift in Sources */ = {isa = PBXBuildFile; fileRef = 378A52EB28AB1A47006E74FD /* GroupRepository.swift */; };
		378A52F428AB1A47006E74FD /* RemoteDataSource.swift in Sources */ = {isa = PBXBuildFile; fileRef = 378A52ED28AB1A47006E74FD /* RemoteDataSource.swift */; };
		378A52F528AB1A47006E74FD /* LocalDataSource.swift in Sources */ = {isa = PBXBuildFile; fileRef = 378A52EE28AB1A47006E74FD /* LocalDataSource.swift */; };
		378A52F628AB1A47006E74FD /* User.swift in Sources */ = {isa = PBXBuildFile; fileRef = 378A52F028AB1A47006E74FD /* User.swift */; };
		378A52F728AB1A47006E74FD /* Group.swift in Sources */ = {isa = PBXBuildFile; fileRef = 378A52F128AB1A47006E74FD /* Group.swift */; };
		378A530B28AB1A50006E74FD /* HomeViewModel.swift in Sources */ = {isa = PBXBuildFile; fileRef = 378A52FA28AB1A50006E74FD /* HomeViewModel.swift */; };
		378A530C28AB1A50006E74FD /* HomeView.swift in Sources */ = {isa = PBXBuildFile; fileRef = 378A52FB28AB1A50006E74FD /* HomeView.swift */; };
		378A530D28AB1A50006E74FD /* SplashViewModel.swift in Sources */ = {isa = PBXBuildFile; fileRef = 378A52FD28AB1A50006E74FD /* SplashViewModel.swift */; };
		378A530E28AB1A50006E74FD /* SplashView.swift in Sources */ = {isa = PBXBuildFile; fileRef = 378A52FE28AB1A50006E74FD /* SplashView.swift */; };
		378A530F28AB1A50006E74FD /* GroupListView.swift in Sources */ = {isa = PBXBuildFile; fileRef = 378A530028AB1A50006E74FD /* GroupListView.swift */; };
		378A531028AB1A50006E74FD /* GroupListViewModel.swift in Sources */ = {isa = PBXBuildFile; fileRef = 378A530128AB1A50006E74FD /* GroupListViewModel.swift */; };
		378A531128AB1A50006E74FD /* SettingViewModel.swift in Sources */ = {isa = PBXBuildFile; fileRef = 378A530328AB1A50006E74FD /* SettingViewModel.swift */; };
		378A531228AB1A50006E74FD /* SettingView.swift in Sources */ = {isa = PBXBuildFile; fileRef = 378A530428AB1A50006E74FD /* SettingView.swift */; };
		378A531328AB1A50006E74FD /* MainView.swift in Sources */ = {isa = PBXBuildFile; fileRef = 378A530628AB1A50006E74FD /* MainView.swift */; };
		378A531428AB1A50006E74FD /* ContentView.swift in Sources */ = {isa = PBXBuildFile; fileRef = 378A530728AB1A50006E74FD /* ContentView.swift */; };
		378A531528AB1A50006E74FD /* LoginViewModel.swift in Sources */ = {isa = PBXBuildFile; fileRef = 378A530928AB1A50006E74FD /* LoginViewModel.swift */; };
		378A531628AB1A50006E74FD /* LoginView.swift in Sources */ = {isa = PBXBuildFile; fileRef = 378A530A28AB1A50006E74FD /* LoginView.swift */; };
		378A531A28AB1BDD006E74FD /* Swinject in Frameworks */ = {isa = PBXBuildFile; productRef = 378A531928AB1BDD006E74FD /* Swinject */; };
		378A532128AB352F006E74FD /* KakaoSDKAuth in Frameworks */ = {isa = PBXBuildFile; productRef = 378A532028AB352F006E74FD /* KakaoSDKAuth */; };
		378A532328AB352F006E74FD /* KakaoSDKUser in Frameworks */ = {isa = PBXBuildFile; productRef = 378A532228AB352F006E74FD /* KakaoSDKUser */; };
		378A532528AB379A006E74FD /* SceneDelegate.swift in Sources */ = {isa = PBXBuildFile; fileRef = 378A532428AB379A006E74FD /* SceneDelegate.swift */; };
/* End PBXBuildFile section */

/* Begin PBXContainerItemProxy section */
		378A52BC28AB1955006E74FD /* PBXContainerItemProxy */ = {
			isa = PBXContainerItemProxy;
			containerPortal = 378A52A328AB1953006E74FD /* Project object */;
			proxyType = 1;
			remoteGlobalIDString = 378A52AA28AB1953006E74FD;
			remoteInfo = yeogieottae;
		};
		378A52C628AB1955006E74FD /* PBXContainerItemProxy */ = {
			isa = PBXContainerItemProxy;
			containerPortal = 378A52A328AB1953006E74FD /* Project object */;
			proxyType = 1;
			remoteGlobalIDString = 378A52AA28AB1953006E74FD;
			remoteInfo = yeogieottae;
		};
/* End PBXContainerItemProxy section */

/* Begin PBXFileReference section */
		378A52AB28AB1953006E74FD /* yeogieottae.app */ = {isa = PBXFileReference; explicitFileType = wrapper.application; includeInIndex = 0; path = yeogieottae.app; sourceTree = BUILT_PRODUCTS_DIR; };
		378A52AE28AB1953006E74FD /* yeogieottaeApp.swift */ = {isa = PBXFileReference; lastKnownFileType = sourcecode.swift; path = yeogieottaeApp.swift; sourceTree = "<group>"; };
		378A52B228AB1954006E74FD /* Assets.xcassets */ = {isa = PBXFileReference; lastKnownFileType = folder.assetcatalog; path = Assets.xcassets; sourceTree = "<group>"; };
		378A52B528AB1954006E74FD /* Preview Assets.xcassets */ = {isa = PBXFileReference; lastKnownFileType = folder.assetcatalog; path = "Preview Assets.xcassets"; sourceTree = "<group>"; };
		378A52BB28AB1955006E74FD /* yeogieottaeTests.xctest */ = {isa = PBXFileReference; explicitFileType = wrapper.cfbundle; includeInIndex = 0; path = yeogieottaeTests.xctest; sourceTree = BUILT_PRODUCTS_DIR; };
		378A52BF28AB1955006E74FD /* yeogieottaeTests.swift */ = {isa = PBXFileReference; lastKnownFileType = sourcecode.swift; path = yeogieottaeTests.swift; sourceTree = "<group>"; };
		378A52C528AB1955006E74FD /* yeogieottaeUITests.xctest */ = {isa = PBXFileReference; explicitFileType = wrapper.cfbundle; includeInIndex = 0; path = yeogieottaeUITests.xctest; sourceTree = BUILT_PRODUCTS_DIR; };
		378A52C928AB1955006E74FD /* yeogieottaeUITests.swift */ = {isa = PBXFileReference; lastKnownFileType = sourcecode.swift; path = yeogieottaeUITests.swift; sourceTree = "<group>"; };
		378A52CB28AB1955006E74FD /* yeogieottaeUITestsLaunchTests.swift */ = {isa = PBXFileReference; lastKnownFileType = sourcecode.swift; path = yeogieottaeUITestsLaunchTests.swift; sourceTree = "<group>"; };
		378A52D828AB19FA006E74FD /* AppDelegate.swift */ = {isa = PBXFileReference; fileEncoding = 4; lastKnownFileType = sourcecode.swift; path = AppDelegate.swift; sourceTree = "<group>"; };
		378A52E128AB1A35006E74FD /* KakaoAuthService.swift */ = {isa = PBXFileReference; fileEncoding = 4; lastKnownFileType = sourcecode.swift; path = KakaoAuthService.swift; sourceTree = "<group>"; };
		378A52E228AB1A35006E74FD /* Container.swift */ = {isa = PBXFileReference; fileEncoding = 4; lastKnownFileType = sourcecode.swift; path = Container.swift; sourceTree = "<group>"; };
		378A52E428AB1A35006E74FD /* Logger.swift */ = {isa = PBXFileReference; fileEncoding = 4; lastKnownFileType = sourcecode.swift; path = Logger.swift; sourceTree = "<group>"; };
		378A52EA28AB1A47006E74FD /* UserRepository.swift */ = {isa = PBXFileReference; fileEncoding = 4; lastKnownFileType = sourcecode.swift; path = UserRepository.swift; sourceTree = "<group>"; };
		378A52EB28AB1A47006E74FD /* GroupRepository.swift */ = {isa = PBXFileReference; fileEncoding = 4; lastKnownFileType = sourcecode.swift; path = GroupRepository.swift; sourceTree = "<group>"; };
		378A52ED28AB1A47006E74FD /* RemoteDataSource.swift */ = {isa = PBXFileReference; fileEncoding = 4; lastKnownFileType = sourcecode.swift; path = RemoteDataSource.swift; sourceTree = "<group>"; };
		378A52EE28AB1A47006E74FD /* LocalDataSource.swift */ = {isa = PBXFileReference; fileEncoding = 4; lastKnownFileType = sourcecode.swift; path = LocalDataSource.swift; sourceTree = "<group>"; };
		378A52F028AB1A47006E74FD /* User.swift */ = {isa = PBXFileReference; fileEncoding = 4; lastKnownFileType = sourcecode.swift; path = User.swift; sourceTree = "<group>"; };
		378A52F128AB1A47006E74FD /* Group.swift */ = {isa = PBXFileReference; fileEncoding = 4; lastKnownFileType = sourcecode.swift; path = Group.swift; sourceTree = "<group>"; };
		378A52FA28AB1A50006E74FD /* HomeViewModel.swift */ = {isa = PBXFileReference; fileEncoding = 4; lastKnownFileType = sourcecode.swift; path = HomeViewModel.swift; sourceTree = "<group>"; };
		378A52FB28AB1A50006E74FD /* HomeView.swift */ = {isa = PBXFileReference; fileEncoding = 4; lastKnownFileType = sourcecode.swift; path = HomeView.swift; sourceTree = "<group>"; };
		378A52FD28AB1A50006E74FD /* SplashViewModel.swift */ = {isa = PBXFileReference; fileEncoding = 4; lastKnownFileType = sourcecode.swift; path = SplashViewModel.swift; sourceTree = "<group>"; };
		378A52FE28AB1A50006E74FD /* SplashView.swift */ = {isa = PBXFileReference; fileEncoding = 4; lastKnownFileType = sourcecode.swift; path = SplashView.swift; sourceTree = "<group>"; };
		378A530028AB1A50006E74FD /* GroupListView.swift */ = {isa = PBXFileReference; fileEncoding = 4; lastKnownFileType = sourcecode.swift; path = GroupListView.swift; sourceTree = "<group>"; };
		378A530128AB1A50006E74FD /* GroupListViewModel.swift */ = {isa = PBXFileReference; fileEncoding = 4; lastKnownFileType = sourcecode.swift; path = GroupListViewModel.swift; sourceTree = "<group>"; };
		378A530328AB1A50006E74FD /* SettingViewModel.swift */ = {isa = PBXFileReference; fileEncoding = 4; lastKnownFileType = sourcecode.swift; path = SettingViewModel.swift; sourceTree = "<group>"; };
		378A530428AB1A50006E74FD /* SettingView.swift */ = {isa = PBXFileReference; fileEncoding = 4; lastKnownFileType = sourcecode.swift; path = SettingView.swift; sourceTree = "<group>"; };
		378A530628AB1A50006E74FD /* MainView.swift */ = {isa = PBXFileReference; fileEncoding = 4; lastKnownFileType = sourcecode.swift; path = MainView.swift; sourceTree = "<group>"; };
		378A530728AB1A50006E74FD /* ContentView.swift */ = {isa = PBXFileReference; fileEncoding = 4; lastKnownFileType = sourcecode.swift; path = ContentView.swift; sourceTree = "<group>"; };
		378A530928AB1A50006E74FD /* LoginViewModel.swift */ = {isa = PBXFileReference; fileEncoding = 4; lastKnownFileType = sourcecode.swift; path = LoginViewModel.swift; sourceTree = "<group>"; };
		378A530A28AB1A50006E74FD /* LoginView.swift */ = {isa = PBXFileReference; fileEncoding = 4; lastKnownFileType = sourcecode.swift; path = LoginView.swift; sourceTree = "<group>"; };
		378A531728AB1B30006E74FD /* Info.plist */ = {isa = PBXFileReference; lastKnownFileType = text.plist; path = Info.plist; sourceTree = "<group>"; };
		378A531E28AB1D53006E74FD /* Config.xcconfig */ = {isa = PBXFileReference; lastKnownFileType = text.xcconfig; path = Config.xcconfig; sourceTree = "<group>"; };
		378A532428AB379A006E74FD /* SceneDelegate.swift */ = {isa = PBXFileReference; lastKnownFileType = sourcecode.swift; path = SceneDelegate.swift; sourceTree = "<group>"; };
/* End PBXFileReference section */

/* Begin PBXFrameworksBuildPhase section */
		378A52A828AB1953006E74FD /* Frameworks */ = {
			isa = PBXFrameworksBuildPhase;
			buildActionMask = 2147483647;
			files = (
				378A531A28AB1BDD006E74FD /* Swinject in Frameworks */,
				378A532128AB352F006E74FD /* KakaoSDKAuth in Frameworks */,
				378A532328AB352F006E74FD /* KakaoSDKUser in Frameworks */,
			);
			runOnlyForDeploymentPostprocessing = 0;
		};
		378A52B828AB1955006E74FD /* Frameworks */ = {
			isa = PBXFrameworksBuildPhase;
			buildActionMask = 2147483647;
			files = (
			);
			runOnlyForDeploymentPostprocessing = 0;
		};
		378A52C228AB1955006E74FD /* Frameworks */ = {
			isa = PBXFrameworksBuildPhase;
			buildActionMask = 2147483647;
			files = (
			);
			runOnlyForDeploymentPostprocessing = 0;
		};
/* End PBXFrameworksBuildPhase section */

/* Begin PBXGroup section */
		378A52A228AB1953006E74FD = {
			isa = PBXGroup;
			children = (
				378A52AD28AB1953006E74FD /* yeogieottae */,
				378A52BE28AB1955006E74FD /* yeogieottaeTests */,
				378A52C828AB1955006E74FD /* yeogieottaeUITests */,
				378A52AC28AB1953006E74FD /* Products */,
			);
			sourceTree = "<group>";
		};
		378A52AC28AB1953006E74FD /* Products */ = {
			isa = PBXGroup;
			children = (
				378A52AB28AB1953006E74FD /* yeogieottae.app */,
				378A52BB28AB1955006E74FD /* yeogieottaeTests.xctest */,
				378A52C528AB1955006E74FD /* yeogieottaeUITests.xctest */,
			);
			name = Products;
			sourceTree = "<group>";
		};
		378A52AD28AB1953006E74FD /* yeogieottae */ = {
			isa = PBXGroup;
			children = (
				378A531728AB1B30006E74FD /* Info.plist */,
				378A52E328AB1A35006E74FD /* cmm */,
				378A52DF28AB1A35006E74FD /* conf */,
				378A52E828AB1A47006E74FD /* model */,
				378A52F828AB1A50006E74FD /* ui */,
				378A52D828AB19FA006E74FD /* AppDelegate.swift */,
				378A532428AB379A006E74FD /* SceneDelegate.swift */,
				378A52AE28AB1953006E74FD /* yeogieottaeApp.swift */,
				378A52B228AB1954006E74FD /* Assets.xcassets */,
				378A52B428AB1954006E74FD /* Preview Content */,
				378A531E28AB1D53006E74FD /* Config.xcconfig */,
			);
			path = yeogieottae;
			sourceTree = "<group>";
		};
		378A52B428AB1954006E74FD /* Preview Content */ = {
			isa = PBXGroup;
			children = (
				378A52B528AB1954006E74FD /* Preview Assets.xcassets */,
			);
			path = "Preview Content";
			sourceTree = "<group>";
		};
		378A52BE28AB1955006E74FD /* yeogieottaeTests */ = {
			isa = PBXGroup;
			children = (
				378A52BF28AB1955006E74FD /* yeogieottaeTests.swift */,
			);
			path = yeogieottaeTests;
			sourceTree = "<group>";
		};
		378A52C828AB1955006E74FD /* yeogieottaeUITests */ = {
			isa = PBXGroup;
			children = (
				378A52C928AB1955006E74FD /* yeogieottaeUITests.swift */,
				378A52CB28AB1955006E74FD /* yeogieottaeUITestsLaunchTests.swift */,
			);
			path = yeogieottaeUITests;
			sourceTree = "<group>";
		};
		378A52DF28AB1A35006E74FD /* conf */ = {
			isa = PBXGroup;
			children = (
				378A52E228AB1A35006E74FD /* Container.swift */,
				378A52E128AB1A35006E74FD /* KakaoAuthService.swift */,
			);
			path = conf;
			sourceTree = "<group>";
		};
		378A52E328AB1A35006E74FD /* cmm */ = {
			isa = PBXGroup;
			children = (
				378A52E428AB1A35006E74FD /* Logger.swift */,
			);
			path = cmm;
			sourceTree = "<group>";
		};
		378A52E828AB1A47006E74FD /* model */ = {
			isa = PBXGroup;
			children = (
				378A52E928AB1A47006E74FD /* repository */,
				378A52EC28AB1A47006E74FD /* source */,
				378A52EF28AB1A47006E74FD /* data */,
			);
			path = model;
			sourceTree = "<group>";
		};
		378A52E928AB1A47006E74FD /* repository */ = {
			isa = PBXGroup;
			children = (
				378A52EB28AB1A47006E74FD /* GroupRepository.swift */,
				378A52EA28AB1A47006E74FD /* UserRepository.swift */,
			);
			path = repository;
			sourceTree = "<group>";
		};
		378A52EC28AB1A47006E74FD /* source */ = {
			isa = PBXGroup;
			children = (
				378A52ED28AB1A47006E74FD /* RemoteDataSource.swift */,
				378A52EE28AB1A47006E74FD /* LocalDataSource.swift */,
			);
			path = source;
			sourceTree = "<group>";
		};
		378A52EF28AB1A47006E74FD /* data */ = {
			isa = PBXGroup;
			children = (
				378A52F128AB1A47006E74FD /* Group.swift */,
				378A52F028AB1A47006E74FD /* User.swift */,
			);
			path = data;
			sourceTree = "<group>";
		};
		378A52F828AB1A50006E74FD /* ui */ = {
			isa = PBXGroup;
			children = (
				378A530728AB1A50006E74FD /* ContentView.swift */,
				378A52FF28AB1A50006E74FD /* group */,
				378A52F928AB1A50006E74FD /* home */,
				378A530828AB1A50006E74FD /* login */,
				378A530528AB1A50006E74FD /* main */,
				378A530228AB1A50006E74FD /* setting */,
				378A52FC28AB1A50006E74FD /* splash */,
			);
			path = ui;
			sourceTree = "<group>";
		};
		378A52F928AB1A50006E74FD /* home */ = {
			isa = PBXGroup;
			children = (
				378A52FB28AB1A50006E74FD /* HomeView.swift */,
				378A52FA28AB1A50006E74FD /* HomeViewModel.swift */,
			);
			path = home;
			sourceTree = "<group>";
		};
		378A52FC28AB1A50006E74FD /* splash */ = {
			isa = PBXGroup;
			children = (
				378A52FE28AB1A50006E74FD /* SplashView.swift */,
				378A52FD28AB1A50006E74FD /* SplashViewModel.swift */,
			);
			path = splash;
			sourceTree = "<group>";
		};
		378A52FF28AB1A50006E74FD /* group */ = {
			isa = PBXGroup;
			children = (
				378A530028AB1A50006E74FD /* GroupListView.swift */,
				378A530128AB1A50006E74FD /* GroupListViewModel.swift */,
			);
			path = group;
			sourceTree = "<group>";
		};
		378A530228AB1A50006E74FD /* setting */ = {
			isa = PBXGroup;
			children = (
				378A530428AB1A50006E74FD /* SettingView.swift */,
				378A530328AB1A50006E74FD /* SettingViewModel.swift */,
			);
			path = setting;
			sourceTree = "<group>";
		};
		378A530528AB1A50006E74FD /* main */ = {
			isa = PBXGroup;
			children = (
				378A530628AB1A50006E74FD /* MainView.swift */,
			);
			path = main;
			sourceTree = "<group>";
		};
		378A530828AB1A50006E74FD /* login */ = {
			isa = PBXGroup;
			children = (
				378A530A28AB1A50006E74FD /* LoginView.swift */,
				378A530928AB1A50006E74FD /* LoginViewModel.swift */,
			);
			path = login;
			sourceTree = "<group>";
		};
/* End PBXGroup section */

/* Begin PBXNativeTarget section */
		378A52AA28AB1953006E74FD /* yeogieottae */ = {
			isa = PBXNativeTarget;
			buildConfigurationList = 378A52CF28AB1955006E74FD /* Build configuration list for PBXNativeTarget "yeogieottae" */;
			buildPhases = (
				378A52A728AB1953006E74FD /* Sources */,
				378A52A828AB1953006E74FD /* Frameworks */,
				378A52A928AB1953006E74FD /* Resources */,
			);
			buildRules = (
			);
			dependencies = (
			);
			name = yeogieottae;
			packageProductDependencies = (
				378A531928AB1BDD006E74FD /* Swinject */,
				378A532028AB352F006E74FD /* KakaoSDKAuth */,
				378A532228AB352F006E74FD /* KakaoSDKUser */,
			);
			productName = yeogieottae;
			productReference = 378A52AB28AB1953006E74FD /* yeogieottae.app */;
			productType = "com.apple.product-type.application";
		};
		378A52BA28AB1955006E74FD /* yeogieottaeTests */ = {
			isa = PBXNativeTarget;
			buildConfigurationList = 378A52D228AB1955006E74FD /* Build configuration list for PBXNativeTarget "yeogieottaeTests" */;
			buildPhases = (
				378A52B728AB1955006E74FD /* Sources */,
				378A52B828AB1955006E74FD /* Frameworks */,
				378A52B928AB1955006E74FD /* Resources */,
			);
			buildRules = (
			);
			dependencies = (
				378A52BD28AB1955006E74FD /* PBXTargetDependency */,
			);
			name = yeogieottaeTests;
			productName = yeogieottaeTests;
			productReference = 378A52BB28AB1955006E74FD /* yeogieottaeTests.xctest */;
			productType = "com.apple.product-type.bundle.unit-test";
		};
		378A52C428AB1955006E74FD /* yeogieottaeUITests */ = {
			isa = PBXNativeTarget;
			buildConfigurationList = 378A52D528AB1955006E74FD /* Build configuration list for PBXNativeTarget "yeogieottaeUITests" */;
			buildPhases = (
				378A52C128AB1955006E74FD /* Sources */,
				378A52C228AB1955006E74FD /* Frameworks */,
				378A52C328AB1955006E74FD /* Resources */,
			);
			buildRules = (
			);
			dependencies = (
				378A52C728AB1955006E74FD /* PBXTargetDependency */,
			);
			name = yeogieottaeUITests;
			productName = yeogieottaeUITests;
			productReference = 378A52C528AB1955006E74FD /* yeogieottaeUITests.xctest */;
			productType = "com.apple.product-type.bundle.ui-testing";
		};
/* End PBXNativeTarget section */

/* Begin PBXProject section */
		378A52A328AB1953006E74FD /* Project object */ = {
			isa = PBXProject;
			attributes = {
				BuildIndependentTargetsInParallel = 1;
				LastSwiftUpdateCheck = 1340;
				LastUpgradeCheck = 1340;
				TargetAttributes = {
					378A52AA28AB1953006E74FD = {
						CreatedOnToolsVersion = 13.4.1;
					};
					378A52BA28AB1955006E74FD = {
						CreatedOnToolsVersion = 13.4.1;
						TestTargetID = 378A52AA28AB1953006E74FD;
					};
					378A52C428AB1955006E74FD = {
						CreatedOnToolsVersion = 13.4.1;
						TestTargetID = 378A52AA28AB1953006E74FD;
					};
				};
			};
			buildConfigurationList = 378A52A628AB1953006E74FD /* Build configuration list for PBXProject "yeogieottae" */;
			compatibilityVersion = "Xcode 13.0";
			developmentRegion = en;
			hasScannedForEncodings = 0;
			knownRegions = (
				en,
				Base,
			);
			mainGroup = 378A52A228AB1953006E74FD;
			packageReferences = (
				378A531828AB1BDD006E74FD /* XCRemoteSwiftPackageReference "Swinject" */,
				378A531F28AB352F006E74FD /* XCRemoteSwiftPackageReference "kakao-ios-sdk" */,
			);
			productRefGroup = 378A52AC28AB1953006E74FD /* Products */;
			projectDirPath = "";
			projectRoot = "";
			targets = (
				378A52AA28AB1953006E74FD /* yeogieottae */,
				378A52BA28AB1955006E74FD /* yeogieottaeTests */,
				378A52C428AB1955006E74FD /* yeogieottaeUITests */,
			);
		};
/* End PBXProject section */

/* Begin PBXResourcesBuildPhase section */
		378A52A928AB1953006E74FD /* Resources */ = {
			isa = PBXResourcesBuildPhase;
			buildActionMask = 2147483647;
			files = (
				378A52B628AB1954006E74FD /* Preview Assets.xcassets in Resources */,
				378A52B328AB1954006E74FD /* Assets.xcassets in Resources */,
			);
			runOnlyForDeploymentPostprocessing = 0;
		};
		378A52B928AB1955006E74FD /* Resources */ = {
			isa = PBXResourcesBuildPhase;
			buildActionMask = 2147483647;
			files = (
			);
			runOnlyForDeploymentPostprocessing = 0;
		};
		378A52C328AB1955006E74FD /* Resources */ = {
			isa = PBXResourcesBuildPhase;
			buildActionMask = 2147483647;
			files = (
			);
			runOnlyForDeploymentPostprocessing = 0;
		};
/* End PBXResourcesBuildPhase section */

/* Begin PBXSourcesBuildPhase section */
		378A52A728AB1953006E74FD /* Sources */ = {
			isa = PBXSourcesBuildPhase;
			buildActionMask = 2147483647;
			files = (
				378A531528AB1A50006E74FD /* LoginViewModel.swift in Sources */,
				378A530D28AB1A50006E74FD /* SplashViewModel.swift in Sources */,
				378A531328AB1A50006E74FD /* MainView.swift in Sources */,
				378A531228AB1A50006E74FD /* SettingView.swift in Sources */,
				378A531128AB1A50006E74FD /* SettingViewModel.swift in Sources */,
				378A530E28AB1A50006E74FD /* SplashView.swift in Sources */,
				378A531628AB1A50006E74FD /* LoginView.swift in Sources */,
				378A52F528AB1A47006E74FD /* LocalDataSource.swift in Sources */,
				378A530F28AB1A50006E74FD /* GroupListView.swift in Sources */,
				378A530C28AB1A50006E74FD /* HomeView.swift in Sources */,
				378A52D928AB19FA006E74FD /* AppDelegate.swift in Sources */,
				378A531028AB1A50006E74FD /* GroupListViewModel.swift in Sources */,
				378A52E728AB1A35006E74FD /* Logger.swift in Sources */,
				378A52F728AB1A47006E74FD /* Group.swift in Sources */,
				378A531428AB1A50006E74FD /* ContentView.swift in Sources */,
				378A52E528AB1A35006E74FD /* KakaoAuthService.swift in Sources */,
				378A52F228AB1A47006E74FD /* UserRepository.swift in Sources */,
				378A52F428AB1A47006E74FD /* RemoteDataSource.swift in Sources */,
				378A52E628AB1A35006E74FD /* Container.swift in Sources */,
				378A530B28AB1A50006E74FD /* HomeViewModel.swift in Sources */,
				378A52F328AB1A47006E74FD /* GroupRepository.swift in Sources */,
				378A52AF28AB1953006E74FD /* yeogieottaeApp.swift in Sources */,
				378A52F628AB1A47006E74FD /* User.swift in Sources */,
				378A532528AB379A006E74FD /* SceneDelegate.swift in Sources */,
			);
			runOnlyForDeploymentPostprocessing = 0;
		};
		378A52B728AB1955006E74FD /* Sources */ = {
			isa = PBXSourcesBuildPhase;
			buildActionMask = 2147483647;
			files = (
				378A52C028AB1955006E74FD /* yeogieottaeTests.swift in Sources */,
			);
			runOnlyForDeploymentPostprocessing = 0;
		};
		378A52C128AB1955006E74FD /* Sources */ = {
			isa = PBXSourcesBuildPhase;
			buildActionMask = 2147483647;
			files = (
				378A52CC28AB1955006E74FD /* yeogieottaeUITestsLaunchTests.swift in Sources */,
				378A52CA28AB1955006E74FD /* yeogieottaeUITests.swift in Sources */,
			);
			runOnlyForDeploymentPostprocessing = 0;
		};
/* End PBXSourcesBuildPhase section */

/* Begin PBXTargetDependency section */
		378A52BD28AB1955006E74FD /* PBXTargetDependency */ = {
			isa = PBXTargetDependency;
			target = 378A52AA28AB1953006E74FD /* yeogieottae */;
			targetProxy = 378A52BC28AB1955006E74FD /* PBXContainerItemProxy */;
		};
		378A52C728AB1955006E74FD /* PBXTargetDependency */ = {
			isa = PBXTargetDependency;
			target = 378A52AA28AB1953006E74FD /* yeogieottae */;
			targetProxy = 378A52C628AB1955006E74FD /* PBXContainerItemProxy */;
		};
/* End PBXTargetDependency section */

/* Begin XCBuildConfiguration section */
		378A52CD28AB1955006E74FD /* Debug */ = {
			isa = XCBuildConfiguration;
			baseConfigurationReference = 378A531E28AB1D53006E74FD /* Config.xcconfig */;
			buildSettings = {
				ALWAYS_SEARCH_USER_PATHS = NO;
				CLANG_ANALYZER_NONNULL = YES;
				CLANG_ANALYZER_NUMBER_OBJECT_CONVERSION = YES_AGGRESSIVE;
				CLANG_CXX_LANGUAGE_STANDARD = "gnu++17";
				CLANG_ENABLE_MODULES = YES;
				CLANG_ENABLE_OBJC_ARC = YES;
				CLANG_ENABLE_OBJC_WEAK = YES;
				CLANG_WARN_BLOCK_CAPTURE_AUTORELEASING = YES;
				CLANG_WARN_BOOL_CONVERSION = YES;
				CLANG_WARN_COMMA = YES;
				CLANG_WARN_CONSTANT_CONVERSION = YES;
				CLANG_WARN_DEPRECATED_OBJC_IMPLEMENTATIONS = YES;
				CLANG_WARN_DIRECT_OBJC_ISA_USAGE = YES_ERROR;
				CLANG_WARN_DOCUMENTATION_COMMENTS = YES;
				CLANG_WARN_EMPTY_BODY = YES;
				CLANG_WARN_ENUM_CONVERSION = YES;
				CLANG_WARN_INFINITE_RECURSION = YES;
				CLANG_WARN_INT_CONVERSION = YES;
				CLANG_WARN_NON_LITERAL_NULL_CONVERSION = YES;
				CLANG_WARN_OBJC_IMPLICIT_RETAIN_SELF = YES;
				CLANG_WARN_OBJC_LITERAL_CONVERSION = YES;
				CLANG_WARN_OBJC_ROOT_CLASS = YES_ERROR;
				CLANG_WARN_QUOTED_INCLUDE_IN_FRAMEWORK_HEADER = YES;
				CLANG_WARN_RANGE_LOOP_ANALYSIS = YES;
				CLANG_WARN_STRICT_PROTOTYPES = YES;
				CLANG_WARN_SUSPICIOUS_MOVE = YES;
				CLANG_WARN_UNGUARDED_AVAILABILITY = YES_AGGRESSIVE;
				CLANG_WARN_UNREACHABLE_CODE = YES;
				CLANG_WARN__DUPLICATE_METHOD_MATCH = YES;
				COPY_PHASE_STRIP = NO;
				DEBUG_INFORMATION_FORMAT = dwarf;
				ENABLE_STRICT_OBJC_MSGSEND = YES;
				ENABLE_TESTABILITY = YES;
				GCC_C_LANGUAGE_STANDARD = gnu11;
				GCC_DYNAMIC_NO_PIC = NO;
				GCC_NO_COMMON_BLOCKS = YES;
				GCC_OPTIMIZATION_LEVEL = 0;
				GCC_PREPROCESSOR_DEFINITIONS = (
					"DEBUG=1",
					"$(inherited)",
				);
				GCC_WARN_64_TO_32_BIT_CONVERSION = YES;
				GCC_WARN_ABOUT_RETURN_TYPE = YES_ERROR;
				GCC_WARN_UNDECLARED_SELECTOR = YES;
				GCC_WARN_UNINITIALIZED_AUTOS = YES_AGGRESSIVE;
				GCC_WARN_UNUSED_FUNCTION = YES;
				GCC_WARN_UNUSED_VARIABLE = YES;
				IPHONEOS_DEPLOYMENT_TARGET = 15.5;
				MTL_ENABLE_DEBUG_INFO = INCLUDE_SOURCE;
				MTL_FAST_MATH = YES;
				ONLY_ACTIVE_ARCH = YES;
				SDKROOT = iphoneos;
				SWIFT_ACTIVE_COMPILATION_CONDITIONS = DEBUG;
				SWIFT_OPTIMIZATION_LEVEL = "-Onone";
			};
			name = Debug;
		};
		378A52CE28AB1955006E74FD /* Release */ = {
			isa = XCBuildConfiguration;
			baseConfigurationReference = 378A531E28AB1D53006E74FD /* Config.xcconfig */;
			buildSettings = {
				ALWAYS_SEARCH_USER_PATHS = NO;
				CLANG_ANALYZER_NONNULL = YES;
				CLANG_ANALYZER_NUMBER_OBJECT_CONVERSION = YES_AGGRESSIVE;
				CLANG_CXX_LANGUAGE_STANDARD = "gnu++17";
				CLANG_ENABLE_MODULES = YES;
				CLANG_ENABLE_OBJC_ARC = YES;
				CLANG_ENABLE_OBJC_WEAK = YES;
				CLANG_WARN_BLOCK_CAPTURE_AUTORELEASING = YES;
				CLANG_WARN_BOOL_CONVERSION = YES;
				CLANG_WARN_COMMA = YES;
				CLANG_WARN_CONSTANT_CONVERSION = YES;
				CLANG_WARN_DEPRECATED_OBJC_IMPLEMENTATIONS = YES;
				CLANG_WARN_DIRECT_OBJC_ISA_USAGE = YES_ERROR;
				CLANG_WARN_DOCUMENTATION_COMMENTS = YES;
				CLANG_WARN_EMPTY_BODY = YES;
				CLANG_WARN_ENUM_CONVERSION = YES;
				CLANG_WARN_INFINITE_RECURSION = YES;
				CLANG_WARN_INT_CONVERSION = YES;
				CLANG_WARN_NON_LITERAL_NULL_CONVERSION = YES;
				CLANG_WARN_OBJC_IMPLICIT_RETAIN_SELF = YES;
				CLANG_WARN_OBJC_LITERAL_CONVERSION = YES;
				CLANG_WARN_OBJC_ROOT_CLASS = YES_ERROR;
				CLANG_WARN_QUOTED_INCLUDE_IN_FRAMEWORK_HEADER = YES;
				CLANG_WARN_RANGE_LOOP_ANALYSIS = YES;
				CLANG_WARN_STRICT_PROTOTYPES = YES;
				CLANG_WARN_SUSPICIOUS_MOVE = YES;
				CLANG_WARN_UNGUARDED_AVAILABILITY = YES_AGGRESSIVE;
				CLANG_WARN_UNREACHABLE_CODE = YES;
				CLANG_WARN__DUPLICATE_METHOD_MATCH = YES;
				COPY_PHASE_STRIP = NO;
				DEBUG_INFORMATION_FORMAT = "dwarf-with-dsym";
				ENABLE_NS_ASSERTIONS = NO;
				ENABLE_STRICT_OBJC_MSGSEND = YES;
				GCC_C_LANGUAGE_STANDARD = gnu11;
				GCC_NO_COMMON_BLOCKS = YES;
				GCC_WARN_64_TO_32_BIT_CONVERSION = YES;
				GCC_WARN_ABOUT_RETURN_TYPE = YES_ERROR;
				GCC_WARN_UNDECLARED_SELECTOR = YES;
				GCC_WARN_UNINITIALIZED_AUTOS = YES_AGGRESSIVE;
				GCC_WARN_UNUSED_FUNCTION = YES;
				GCC_WARN_UNUSED_VARIABLE = YES;
				IPHONEOS_DEPLOYMENT_TARGET = 15.5;
				MTL_ENABLE_DEBUG_INFO = NO;
				MTL_FAST_MATH = YES;
				SDKROOT = iphoneos;
				SWIFT_COMPILATION_MODE = wholemodule;
				SWIFT_OPTIMIZATION_LEVEL = "-O";
				VALIDATE_PRODUCT = YES;
			};
			name = Release;
		};
		378A52D028AB1955006E74FD /* Debug */ = {
			isa = XCBuildConfiguration;
			buildSettings = {
				ASSETCATALOG_COMPILER_APPICON_NAME = AppIcon;
				ASSETCATALOG_COMPILER_GLOBAL_ACCENT_COLOR_NAME = AccentColor;
				CODE_SIGN_STYLE = Automatic;
				CURRENT_PROJECT_VERSION = 1;
				DEVELOPMENT_ASSET_PATHS = "\"yeogieottae/Preview Content\"";
				DEVELOPMENT_TEAM = 3WY6CN82M3;
				ENABLE_PREVIEWS = YES;
				GENERATE_INFOPLIST_FILE = YES;
				INFOPLIST_FILE = yeogieottae/Info.plist;
				INFOPLIST_KEY_UIApplicationSceneManifest_Generation = YES;
				INFOPLIST_KEY_UIApplicationSupportsIndirectInputEvents = YES;
				INFOPLIST_KEY_UILaunchScreen_Generation = YES;
				INFOPLIST_KEY_UISupportedInterfaceOrientations_iPad = "UIInterfaceOrientationPortrait UIInterfaceOrientationPortraitUpsideDown UIInterfaceOrientationLandscapeLeft UIInterfaceOrientationLandscapeRight";
				INFOPLIST_KEY_UISupportedInterfaceOrientations_iPhone = "UIInterfaceOrientationPortrait UIInterfaceOrientationLandscapeLeft UIInterfaceOrientationLandscapeRight";
				LD_RUNPATH_SEARCH_PATHS = (
					"$(inherited)",
					"@executable_path/Frameworks",
				);
				MARKETING_VERSION = 1.0;
				PRODUCT_BUNDLE_IDENTIFIER = com.3park1kim.yeogieottae;
				PRODUCT_NAME = "$(TARGET_NAME)";
				SWIFT_EMIT_LOC_STRINGS = YES;
				SWIFT_VERSION = 5.0;
				TARGETED_DEVICE_FAMILY = "1,2";
			};
			name = Debug;
		};
		378A52D128AB1955006E74FD /* Release */ = {
			isa = XCBuildConfiguration;
			buildSettings = {
				ASSETCATALOG_COMPILER_APPICON_NAME = AppIcon;
				ASSETCATALOG_COMPILER_GLOBAL_ACCENT_COLOR_NAME = AccentColor;
				CODE_SIGN_STYLE = Automatic;
				CURRENT_PROJECT_VERSION = 1;
				DEVELOPMENT_ASSET_PATHS = "\"yeogieottae/Preview Content\"";
				DEVELOPMENT_TEAM = 3WY6CN82M3;
				ENABLE_PREVIEWS = YES;
				GENERATE_INFOPLIST_FILE = YES;
				INFOPLIST_FILE = yeogieottae/Info.plist;
				INFOPLIST_KEY_UIApplicationSceneManifest_Generation = YES;
				INFOPLIST_KEY_UIApplicationSupportsIndirectInputEvents = YES;
				INFOPLIST_KEY_UILaunchScreen_Generation = YES;
				INFOPLIST_KEY_UISupportedInterfaceOrientations_iPad = "UIInterfaceOrientationPortrait UIInterfaceOrientationPortraitUpsideDown UIInterfaceOrientationLandscapeLeft UIInterfaceOrientationLandscapeRight";
				INFOPLIST_KEY_UISupportedInterfaceOrientations_iPhone = "UIInterfaceOrientationPortrait UIInterfaceOrientationLandscapeLeft UIInterfaceOrientationLandscapeRight";
				LD_RUNPATH_SEARCH_PATHS = (
					"$(inherited)",
					"@executable_path/Frameworks",
				);
				MARKETING_VERSION = 1.0;
				PRODUCT_BUNDLE_IDENTIFIER = com.3park1kim.yeogieottae;
				PRODUCT_NAME = "$(TARGET_NAME)";
				SWIFT_EMIT_LOC_STRINGS = YES;
				SWIFT_VERSION = 5.0;
				TARGETED_DEVICE_FAMILY = "1,2";
			};
			name = Release;
		};
		378A52D328AB1955006E74FD /* Debug */ = {
			isa = XCBuildConfiguration;
			buildSettings = {
				ALWAYS_EMBED_SWIFT_STANDARD_LIBRARIES = YES;
				BUNDLE_LOADER = "$(TEST_HOST)";
				CODE_SIGN_STYLE = Automatic;
				CURRENT_PROJECT_VERSION = 1;
				DEVELOPMENT_TEAM = 3WY6CN82M3;
				GENERATE_INFOPLIST_FILE = YES;
				IPHONEOS_DEPLOYMENT_TARGET = 15.5;
				MARKETING_VERSION = 1.0;
				PRODUCT_BUNDLE_IDENTIFIER = com.3park1kim.yeogieottaeTests;
				PRODUCT_NAME = "$(TARGET_NAME)";
				SWIFT_EMIT_LOC_STRINGS = NO;
				SWIFT_VERSION = 5.0;
				TARGETED_DEVICE_FAMILY = "1,2";
				TEST_HOST = "$(BUILT_PRODUCTS_DIR)/yeogieottae.app/yeogieottae";
			};
			name = Debug;
		};
		378A52D428AB1955006E74FD /* Release */ = {
			isa = XCBuildConfiguration;
			buildSettings = {
				ALWAYS_EMBED_SWIFT_STANDARD_LIBRARIES = YES;
				BUNDLE_LOADER = "$(TEST_HOST)";
				CODE_SIGN_STYLE = Automatic;
				CURRENT_PROJECT_VERSION = 1;
				DEVELOPMENT_TEAM = 3WY6CN82M3;
				GENERATE_INFOPLIST_FILE = YES;
				IPHONEOS_DEPLOYMENT_TARGET = 15.5;
				MARKETING_VERSION = 1.0;
				PRODUCT_BUNDLE_IDENTIFIER = com.3park1kim.yeogieottaeTests;
				PRODUCT_NAME = "$(TARGET_NAME)";
				SWIFT_EMIT_LOC_STRINGS = NO;
				SWIFT_VERSION = 5.0;
				TARGETED_DEVICE_FAMILY = "1,2";
				TEST_HOST = "$(BUILT_PRODUCTS_DIR)/yeogieottae.app/yeogieottae";
			};
			name = Release;
		};
		378A52D628AB1955006E74FD /* Debug */ = {
			isa = XCBuildConfiguration;
			buildSettings = {
				ALWAYS_EMBED_SWIFT_STANDARD_LIBRARIES = YES;
				CODE_SIGN_STYLE = Automatic;
				CURRENT_PROJECT_VERSION = 1;
				DEVELOPMENT_TEAM = 3WY6CN82M3;
				GENERATE_INFOPLIST_FILE = YES;
				MARKETING_VERSION = 1.0;
				PRODUCT_BUNDLE_IDENTIFIER = com.3park1kim.yeogieottaeUITests;
				PRODUCT_NAME = "$(TARGET_NAME)";
				SWIFT_EMIT_LOC_STRINGS = NO;
				SWIFT_VERSION = 5.0;
				TARGETED_DEVICE_FAMILY = "1,2";
				TEST_TARGET_NAME = yeogieottae;
			};
			name = Debug;
		};
		378A52D728AB1955006E74FD /* Release */ = {
			isa = XCBuildConfiguration;
			buildSettings = {
				ALWAYS_EMBED_SWIFT_STANDARD_LIBRARIES = YES;
				CODE_SIGN_STYLE = Automatic;
				CURRENT_PROJECT_VERSION = 1;
				DEVELOPMENT_TEAM = 3WY6CN82M3;
				GENERATE_INFOPLIST_FILE = YES;
				MARKETING_VERSION = 1.0;
				PRODUCT_BUNDLE_IDENTIFIER = com.3park1kim.yeogieottaeUITests;
				PRODUCT_NAME = "$(TARGET_NAME)";
				SWIFT_EMIT_LOC_STRINGS = NO;
				SWIFT_VERSION = 5.0;
				TARGETED_DEVICE_FAMILY = "1,2";
				TEST_TARGET_NAME = yeogieottae;
			};
			name = Release;
		};
/* End XCBuildConfiguration section */

/* Begin XCConfigurationList section */
		378A52A628AB1953006E74FD /* Build configuration list for PBXProject "yeogieottae" */ = {
			isa = XCConfigurationList;
			buildConfigurations = (
				378A52CD28AB1955006E74FD /* Debug */,
				378A52CE28AB1955006E74FD /* Release */,
			);
			defaultConfigurationIsVisible = 0;
			defaultConfigurationName = Release;
		};
		378A52CF28AB1955006E74FD /* Build configuration list for PBXNativeTarget "yeogieottae" */ = {
			isa = XCConfigurationList;
			buildConfigurations = (
				378A52D028AB1955006E74FD /* Debug */,
				378A52D128AB1955006E74FD /* Release */,
			);
			defaultConfigurationIsVisible = 0;
			defaultConfigurationName = Release;
		};
		378A52D228AB1955006E74FD /* Build configuration list for PBXNativeTarget "yeogieottaeTests" */ = {
			isa = XCConfigurationList;
			buildConfigurations = (
				378A52D328AB1955006E74FD /* Debug */,
				378A52D428AB1955006E74FD /* Release */,
			);
			defaultConfigurationIsVisible = 0;
			defaultConfigurationName = Release;
		};
		378A52D528AB1955006E74FD /* Build configuration list for PBXNativeTarget "yeogieottaeUITests" */ = {
			isa = XCConfigurationList;
			buildConfigurations = (
				378A52D628AB1955006E74FD /* Debug */,
				378A52D728AB1955006E74FD /* Release */,
			);
			defaultConfigurationIsVisible = 0;
			defaultConfigurationName = Release;
		};
/* End XCConfigurationList section */

/* Begin XCRemoteSwiftPackageReference section */
		378A531828AB1BDD006E74FD /* XCRemoteSwiftPackageReference "Swinject" */ = {
			isa = XCRemoteSwiftPackageReference;
			repositoryURL = "https://github.com/Swinject/Swinject.git";
			requirement = {
				kind = upToNextMajorVersion;
				minimumVersion = 2.0.0;
			};
		};
		378A531F28AB352F006E74FD /* XCRemoteSwiftPackageReference "kakao-ios-sdk" */ = {
			isa = XCRemoteSwiftPackageReference;
			repositoryURL = "https://github.com/kakao/kakao-ios-sdk";
			requirement = {
				kind = upToNextMajorVersion;
				minimumVersion = 2.0.0;
			};
		};
/* End XCRemoteSwiftPackageReference section */

/* Begin XCSwiftPackageProductDependency section */
		378A531928AB1BDD006E74FD /* Swinject */ = {
			isa = XCSwiftPackageProductDependency;
			package = 378A531828AB1BDD006E74FD /* XCRemoteSwiftPackageReference "Swinject" */;
			productName = Swinject;
		};
		378A532028AB352F006E74FD /* KakaoSDKAuth */ = {
			isa = XCSwiftPackageProductDependency;
			package = 378A531F28AB352F006E74FD /* XCRemoteSwiftPackageReference "kakao-ios-sdk" */;
			productName = KakaoSDKAuth;
		};
		378A532228AB352F006E74FD /* KakaoSDKUser */ = {
			isa = XCSwiftPackageProductDependency;
			package = 378A531F28AB352F006E74FD /* XCRemoteSwiftPackageReference "kakao-ios-sdk" */;
			productName = KakaoSDKUser;
		};
/* End XCSwiftPackageProductDependency section */
	};
	rootObject = 378A52A328AB1953006E74FD /* Project object */;
}
